// !$*UTF8*$!
{
	archiveVersion = 1;
	classes = {
	};
	objectVersion = 46;
	objects = {

/* Begin PBXBuildFile section */
		3A16CD121C9AA668007B5DA3 /* main.c in Sources */ = {isa = PBXBuildFile; fileRef = 3A16CD111C9AA668007B5DA3 /* main.c */; };
		3A16CD191C9AA6EE007B5DA3 /* BMMultiLevelBiquad.c in Sources */ = {isa = PBXBuildFile; fileRef = 3A16CD181C9AA6EE007B5DA3 /* BMMultiLevelBiquad.c */; };
		3A16CD1F1C9AA6FF007B5DA3 /* BMVelocityFilter.c in Sources */ = {isa = PBXBuildFile; fileRef = 3A16CD1B1C9AA6FF007B5DA3 /* BMVelocityFilter.c */; };
		3A16CD231C9FB1F8007B5DA3 /* BMGetOSVersion.c in Sources */ = {isa = PBXBuildFile; fileRef = 3A16CD211C9FB1F8007B5DA3 /* BMGetOSVersion.c */; };
/* End PBXBuildFile section */

/* Begin PBXCopyFilesBuildPhase section */
		3A16CD0C1C9AA668007B5DA3 /* CopyFiles */ = {
			isa = PBXCopyFilesBuildPhase;
			buildActionMask = 2147483647;
			dstPath = /usr/share/man/man1/;
			dstSubfolderSpec = 0;
			files = (
			);
			runOnlyForDeploymentPostprocessing = 1;
		};
/* End PBXCopyFilesBuildPhase section */

/* Begin PBXFileReference section */
		3A16CD0E1C9AA668007B5DA3 /* VelocityFilter */ = {isa = PBXFileReference; explicitFileType = "compiled.mach-o.executable"; includeInIndex = 0; path = VelocityFilter; sourceTree = BUILT_PRODUCTS_DIR; };
		3A16CD111C9AA668007B5DA3 /* main.c */ = {isa = PBXFileReference; lastKnownFileType = sourcecode.c.c; path = main.c; sourceTree = "<group>"; };
		3A16CD181C9AA6EE007B5DA3 /* BMMultiLevelBiquad.c */ = {isa = PBXFileReference; fileEncoding = 4; lastKnownFileType = sourcecode.c.c; path = BMMultiLevelBiquad.c; sourceTree = "<group>"; };
		3A16CD1A1C9AA6FF007B5DA3 /* BMMultiLevelBiquad.h */ = {isa = PBXFileReference; fileEncoding = 4; lastKnownFileType = sourcecode.c.h; path = BMMultiLevelBiquad.h; sourceTree = "<group>"; };
		3A16CD1B1C9AA6FF007B5DA3 /* BMVelocityFilter.c */ = {isa = PBXFileReference; fileEncoding = 4; lastKnownFileType = sourcecode.c.c; path = BMVelocityFilter.c; sourceTree = "<group>"; };
		3A16CD1C1C9AA6FF007B5DA3 /* BMVelocityFilter.h */ = {isa = PBXFileReference; fileEncoding = 4; lastKnownFileType = sourcecode.c.h; path = BMVelocityFilter.h; sourceTree = "<group>"; };
		3A16CD1D1C9AA6FF007B5DA3 /* BMComplexMath.h */ = {isa = PBXFileReference; fileEncoding = 4; lastKnownFileType = sourcecode.c.h; path = BMComplexMath.h; sourceTree = "<group>"; };
		3A16CD1E1C9AA6FF007B5DA3 /* Constants.h */ = {isa = PBXFileReference; fileEncoding = 4; lastKnownFileType = sourcecode.c.h; path = Constants.h; sourceTree = "<group>"; };
		3A16CD211C9FB1F8007B5DA3 /* BMGetOSVersion.c */ = {isa = PBXFileReference; fileEncoding = 4; lastKnownFileType = sourcecode.c.c; path = BMGetOSVersion.c; sourceTree = "<group>"; };
		3A16CD221C9FB1F8007B5DA3 /* BMGetOSVersion.h */ = {isa = PBXFileReference; fileEncoding = 4; lastKnownFileType = sourcecode.c.h; path = BMGetOSVersion.h; sourceTree = "<group>"; };
/* End PBXFileReference section */

/* Begin PBXFrameworksBuildPhase section */
		3A16CD0B1C9AA668007B5DA3 /* Frameworks */ = {
			isa = PBXFrameworksBuildPhase;
			buildActionMask = 2147483647;
			files = (
			);
			runOnlyForDeploymentPostprocessing = 0;
		};
/* End PBXFrameworksBuildPhase section */

/* Begin PBXGroup section */
		3A16CD051C9AA668007B5DA3 = {
			isa = PBXGroup;
			children = (
				3A16CD101C9AA668007B5DA3 /* VelocityFilter */,
				3A16CD0F1C9AA668007B5DA3 /* Products */,
			);
			sourceTree = "<group>";
		};
		3A16CD0F1C9AA668007B5DA3 /* Products */ = {
			isa = PBXGroup;
			children = (
				3A16CD0E1C9AA668007B5DA3 /* VelocityFilter */,
			);
			name = Products;
			sourceTree = "<group>";
		};
		3A16CD101C9AA668007B5DA3 /* VelocityFilter */ = {
			isa = PBXGroup;
			children = (
				3A16CD111C9AA668007B5DA3 /* main.c */,
				3A16CD1A1C9AA6FF007B5DA3 /* BMMultiLevelBiquad.h */,
				3A16CD181C9AA6EE007B5DA3 /* BMMultiLevelBiquad.c */,
				3A16CD1C1C9AA6FF007B5DA3 /* BMVelocityFilter.h */,
				3A16CD1B1C9AA6FF007B5DA3 /* BMVelocityFilter.c */,
				3A16CD1D1C9AA6FF007B5DA3 /* BMComplexMath.h */,
				3A16CD1E1C9AA6FF007B5DA3 /* Constants.h */,
				3A16CD211C9FB1F8007B5DA3 /* BMGetOSVersion.c */,
				3A16CD221C9FB1F8007B5DA3 /* BMGetOSVersion.h */,
			);
			path = VelocityFilter;
			sourceTree = "<group>";
		};
/* End PBXGroup section */

/* Begin PBXNativeTarget section */
		3A16CD0D1C9AA668007B5DA3 /* VelocityFilter */ = {
			isa = PBXNativeTarget;
			buildConfigurationList = 3A16CD151C9AA668007B5DA3 /* Build configuration list for PBXNativeTarget "VelocityFilter" */;
			buildPhases = (
				3A16CD0A1C9AA668007B5DA3 /* Sources */,
				3A16CD0B1C9AA668007B5DA3 /* Frameworks */,
				3A16CD0C1C9AA668007B5DA3 /* CopyFiles */,
			);
			buildRules = (
			);
			dependencies = (
			);
			name = VelocityFilter;
			productName = VelocityFilter;
			productReference = 3A16CD0E1C9AA668007B5DA3 /* VelocityFilter */;
			productType = "com.apple.product-type.tool";
		};
/* End PBXNativeTarget section */

/* Begin PBXProject section */
		3A16CD061C9AA668007B5DA3 /* Project object */ = {
			isa = PBXProject;
			attributes = {
				LastUpgradeCheck = 0720;
				ORGANIZATIONNAME = Hans;
				TargetAttributes = {
					3A16CD0D1C9AA668007B5DA3 = {
						CreatedOnToolsVersion = 7.2.1;
					};
				};
			};
			buildConfigurationList = 3A16CD091C9AA668007B5DA3 /* Build configuration list for PBXProject "VelocityFilter" */;
			compatibilityVersion = "Xcode 3.2";
			developmentRegion = English;
			hasScannedForEncodings = 0;
			knownRegions = (
				en,
			);
			mainGroup = 3A16CD051C9AA668007B5DA3;
			productRefGroup = 3A16CD0F1C9AA668007B5DA3 /* Products */;
			projectDirPath = "";
			projectRoot = "";
			targets = (
				3A16CD0D1C9AA668007B5DA3 /* VelocityFilter */,
			);
		};
/* End PBXProject section */

/* Begin PBXSourcesBuildPhase section */
		3A16CD0A1C9AA668007B5DA3 /* Sources */ = {
			isa = PBXSourcesBuildPhase;
			buildActionMask = 2147483647;
			files = (
				3A16CD231C9FB1F8007B5DA3 /* BMGetOSVersion.c in Sources */,
				3A16CD121C9AA668007B5DA3 /* main.c in Sources */,
				3A16CD1F1C9AA6FF007B5DA3 /* BMVelocityFilter.c in Sources */,
				3A16CD191C9AA6EE007B5DA3 /* BMMultiLevelBiquad.c in Sources */,
			);
			runOnlyForDeploymentPostprocessing = 0;
		};
/* End PBXSourcesBuildPhase section */

/* Begin XCBuildConfiguration section */
		3A16CD131C9AA668007B5DA3 /* Debug */ = {
			isa = XCBuildConfiguration;
			buildSettings = {
				ALWAYS_SEARCH_USER_PATHS = NO;
				CLANG_CXX_LANGUAGE_STANDARD = "gnu++0x";
				CLANG_CXX_LIBRARY = "libc++";
				CLANG_ENABLE_MODULES = YES;
				CLANG_ENABLE_OBJC_ARC = YES;
				CLANG_WARN_BOOL_CONVERSION = YES;
				CLANG_WARN_CONSTANT_CONVERSION = YES;
				CLANG_WARN_DIRECT_OBJC_ISA_USAGE = YES_ERROR;
				CLANG_WARN_EMPTY_BODY = YES;
				CLANG_WARN_ENUM_CONVERSION = YES;
				CLANG_WARN_INT_CONVERSION = YES;
				CLANG_WARN_OBJC_ROOT_CLASS = YES_ERROR;
				CLANG_WARN_UNREACHABLE_CODE = YES;
				CLANG_WARN__DUPLICATE_METHOD_MATCH = YES;
				CODE_SIGN_IDENTITY = "-";
				COPY_PHASE_STRIP = NO;
				DEBUG_INFORMATION_FORMAT = dwarf;
				ENABLE_STRICT_OBJC_MSGSEND = YES;
				ENABLE_TESTABILITY = YES;
				GCC_C_LANGUAGE_STANDARD = gnu99;
				GCC_DYNAMIC_NO_PIC = NO;
				GCC_NO_COMMON_BLOCKS = YES;
				GCC_OPTIMIZATION_LEVEL = 0;
				GCC_PREPROCESSOR_DEFINITIONS = (
					"DEBUG=1",
					"$(inherited)",
				);
				GCC_WARN_64_TO_32_BIT_CONVERSION = YES;
				GCC_WARN_ABOUT_RETURN_TYPE = YES_ERROR;
				GCC_WARN_UNDECLARED_SELECTOR = YES;
				GCC_WARN_UNINITIALIZED_AUTOS = YES_AGGRESSIVE;
				GCC_WARN_UNUSED_FUNCTION = YES;
				GCC_WARN_UNUSED_VARIABLE = YES;
				MACOSX_DEPLOYMENT_TARGET = 10.11;
				MTL_ENABLE_DEBUG_INFO = YES;
				ONLY_ACTIVE_ARCH = YES;
				SDKROOT = macosx;
			};
			name = Debug;
		};
		3A16CD141C9AA668007B5DA3 /* Release */ = {
			isa = XCBuildConfiguration;
			buildSettings = {
				ALWAYS_SEARCH_USER_PATHS = NO;
				CLANG_CXX_LANGUAGE_STANDARD = "gnu++0x";
				CLANG_CXX_LIBRARY = "libc++";
				CLANG_ENABLE_MODULES = YES;
				CLANG_ENABLE_OBJC_ARC = YES;
				CLANG_WARN_BOOL_CONVERSION = YES;
				CLANG_WARN_CONSTANT_CONVERSION = YES;
				CLANG_WARN_DIRECT_OBJC_ISA_USAGE = YES_ERROR;
				CLANG_WARN_EMPTY_BODY = YES;
				CLANG_WARN_ENUM_CONVERSION = YES;
				CLANG_WARN_INT_CONVERSION = YES;
				CLANG_WARN_OBJC_ROOT_CLASS = YES_ERROR;
				CLANG_WARN_UNREACHABLE_CODE = YES;
				CLANG_WARN__DUPLICATE_METHOD_MATCH = YES;
				CODE_SIGN_IDENTITY = "-";
				COPY_PHASE_STRIP = NO;
				DEBUG_INFORMATION_FORMAT = "dwarf-with-dsym";
				ENABLE_NS_ASSERTIONS = NO;
				ENABLE_STRICT_OBJC_MSGSEND = YES;
				GCC_C_LANGUAGE_STANDARD = gnu99;
				GCC_NO_COMMON_BLOCKS = YES;
				GCC_WARN_64_TO_32_BIT_CONVERSION = YES;
				GCC_WARN_ABOUT_RETURN_TYPE = YES_ERROR;
				GCC_WARN_UNDECLARED_SELECTOR = YES;
				GCC_WARN_UNINITIALIZED_AUTOS = YES_AGGRESSIVE;
				GCC_WARN_UNUSED_FUNCTION = YES;
				GCC_WARN_UNUSED_VARIABLE = YES;
				MACOSX_DEPLOYMENT_TARGET = 10.11;
				MTL_ENABLE_DEBUG_INFO = NO;
				SDKROOT = macosx;
			};
			name = Release;
		};
		3A16CD161C9AA668007B5DA3 /* Debug */ = {
			isa = XCBuildConfiguration;
			buildSettings = {
				PRODUCT_NAME = "$(TARGET_NAME)";
			};
			name = Debug;
		};
		3A16CD171C9AA668007B5DA3 /* Release */ = {
			isa = XCBuildConfiguration;
			buildSettings = {
				PRODUCT_NAME = "$(TARGET_NAME)";
			};
			name = Release;
		};
/* End XCBuildConfiguration section */

/* Begin XCConfigurationList section */
		3A16CD091C9AA668007B5DA3 /* Build configuration list for PBXProject "VelocityFilter" */ = {
			isa = XCConfigurationList;
			buildConfigurations = (
				3A16CD131C9AA668007B5DA3 /* Debug */,
				3A16CD141C9AA668007B5DA3 /* Release */,
			);
			defaultConfigurationIsVisible = 0;
			defaultConfigurationName = Release;
		};
		3A16CD151C9AA668007B5DA3 /* Build configuration list for PBXNativeTarget "VelocityFilter" */ = {
			isa = XCConfigurationList;
			buildConfigurations = (
				3A16CD161C9AA668007B5DA3 /* Debug */,
				3A16CD171C9AA668007B5DA3 /* Release */,
			);
			defaultConfigurationIsVisible = 0;
			defaultConfigurationName = Release;
		};
/* End XCConfigurationList section */
	};
	rootObject = 3A16CD061C9AA668007B5DA3 /* Project object */;
}
